Microsoft Visual Studio Solution File, Format Version 12.00
# Visual Studio Version 17
VisualStudioVersion = 17.5.2.0
MinimumVisualStudioVersion = 10.0.40219.1
Project("{2150E333-8FDC-42A3-9474-1A3956D46DE8}") = "dist", "dist", "{AC15D111-0E66-69FF-AB22-C1C2B24C9B2F}"
EndProject
Project("{2150E333-8FDC-42A3-9474-1A3956D46DE8}") = "manual", "manual", "{B33CEE9D-F154-1ED7-10B9-F530CED657AD}"
EndProject
Project("{2150E333-8FDC-42A3-9474-1A3956D46DE8}") = "launcher", "launcher", "{E1EF39EB-2849-A893-120B-AA82510A8022}"
EndProject
Project("{FAE04EC0-301F-11D3-BF4B-00C04F79EFBC}") = "ProjectManagementAppLauncher", "dist\manual\launcher\ProjectManagementAppLauncher\ProjectManagementAppLauncher.csproj", "{B2877B19-7BA5-CD99-002B-7A94DEBDD30C}"
EndProject
Global
	GlobalSection(SolutionConfigurationPlatforms) = preSolution
		Debug|Any CPU = Debug|Any CPU
		Release|Any CPU = Release|Any CPU
	EndGlobalSection
	GlobalSection(ProjectConfigurationPlatforms) = postSolution
		{B2877B19-7BA5-CD99-002B-7A94DEBDD30C}.Debug|Any CPU.ActiveCfg = Debug|Any CPU
		{B2877B19-7BA5-CD99-002B-7A94DEBDD30C}.Debug|Any CPU.Build.0 = Debug|Any CPU
		{B2877B19-7BA5-CD99-002B-7A94DEBDD30C}.Release|Any CPU.ActiveCfg = Release|Any CPU
		{B2877B19-7BA5-CD99-002B-7A94DEBDD30C}.Release|Any CPU.Build.0 = Release|Any CPU
	EndGlobalSection
	GlobalSection(SolutionProperties) = preSolution
		HideSolutionNode = FALSE
	EndGlobalSection
	GlobalSection(NestedProjects) = preSolution
		{B33CEE9D-F154-1ED7-10B9-F530CED657AD} = {AC15D111-0E66-69FF-AB22-C1C2B24C9B2F}
		{E1EF39EB-2849-A893-120B-AA82510A8022} = {B33CEE9D-F154-1ED7-10B9-F530CED657AD}
		{B2877B19-7BA5-CD99-002B-7A94DEBDD30C} = {E1EF39EB-2849-A893-120B-AA82510A8022}
	EndGlobalSection
	GlobalSection(ExtensibilityGlobals) = postSolution
		SolutionGuid = {627EF640-30E4-44DB-977F-2E6E220C9D50}
	EndGlobalSection
EndGlobal
